
Microsoft Visual Studio Solution File, Format Version 12.00
# Visual Studio Version 17
VisualStudioVersion = 17.14.36212.18 d17.14
MinimumVisualStudioVersion = 10.0.40219.1
Project("{FAE04EC0-301F-11D3-BF4B-00C04F79EFBC}") = "ProphCode.Core", "ProphCode.Core\ProphCode.Core.csproj", "{FFEB11BA-BF1C-4901-8CB3-7FE10E7FDC88}"
EndProject
Project("{FAE04EC0-301F-11D3-BF4B-00C04F79EFBC}") = "ProphCode.IDE", "ProphCode.IDE\ProphCode.IDE.csproj", "{8A33C40E-359C-4CD7-8F55-FC98834FEB9A}"
	ProjectSection(ProjectDependencies) = postProject
		{FFEB11BA-BF1C-4901-8CB3-7FE10E7FDC88} = {FFEB11BA-BF1C-4901-8CB3-7FE10E7FDC88}
	EndProjectSection
EndProject
Global
	GlobalSection(SolutionConfigurationPlatforms) = preSolution
		Debug|Any CPU = Debug|Any CPU
		Release|Any CPU = Release|Any CPU
	EndGlobalSection
	GlobalSection(ProjectConfigurationPlatforms) = postSolution
		{FFEB11BA-BF1C-4901-8CB3-7FE10E7FDC88}.Debug|Any CPU.ActiveCfg = Debug|Any CPU
		{FFEB11BA-BF1C-4901-8CB3-7FE10E7FDC88}.Debug|Any CPU.Build.0 = Debug|Any CPU
		{FFEB11BA-BF1C-4901-8CB3-7FE10E7FDC88}.Release|Any CPU.ActiveCfg = Release|Any CPU
		{FFEB11BA-BF1C-4901-8CB3-7FE10E7FDC88}.Release|Any CPU.Build.0 = Release|Any CPU
		{8A33C40E-359C-4CD7-8F55-FC98834FEB9A}.Debug|Any CPU.ActiveCfg = Debug|Any CPU
		{8A33C40E-359C-4CD7-8F55-FC98834FEB9A}.Debug|Any CPU.Build.0 = Debug|Any CPU
		{8A33C40E-359C-4CD7-8F55-FC98834FEB9A}.Release|Any CPU.ActiveCfg = Release|Any CPU
		{8A33C40E-359C-4CD7-8F55-FC98834FEB9A}.Release|Any CPU.Build.0 = Release|Any CPU
	EndGlobalSection
	GlobalSection(SolutionProperties) = preSolution
		HideSolutionNode = FALSE
	EndGlobalSection
	GlobalSection(ExtensibilityGlobals) = postSolution
		SolutionGuid = {9F2EB3C2-52C1-4C9D-826C-92F4A2E502BD}
	EndGlobalSection
EndGlobal
